
Microsoft Visual Studio Solution File, Format Version 12.00
# Visual Studio Version 17
VisualStudioVersion = 17.0.31903.59
MinimumVisualStudioVersion = 10.0.40219.1
Project("{FAE04EC0-301F-11D3-BF4B-00C04F79EFBC}") = "TrackerStats.Domain", "src\TrackerStats.Domain\TrackerStats.Domain.csproj", "{A1B2C3D4-E5F6-7890-ABCD-EF1234567890}"
EndProject
Project("{FAE04EC0-301F-11D3-BF4B-00C04F79EFBC}") = "TrackerStats.Application", "src\TrackerStats.Application\TrackerStats.Application.csproj", "{B1B2C3D4-E5F6-7890-ABCD-EF1234567891}"
EndProject
Project("{FAE04EC0-301F-11D3-BF4B-00C04F79EFBC}") = "TrackerStats.Infrastructure", "src\TrackerStats.Infrastructure\TrackerStats.Infrastructure.csproj", "{C1B2C3D4-E5F6-7890-ABCD-EF1234567892}"
EndProject
Project("{FAE04EC0-301F-11D3-BF4B-00C04F79EFBC}") = "TrackerStats.Api", "src\TrackerStats.Api\TrackerStats.Api.csproj", "{D1B2C3D4-E5F6-7890-ABCD-EF1234567893}"
EndProject
Project("{2150E333-8FDC-42A3-9474-1A3956D46DE8}") = "src", "src", "{827E0CD3-B72D-47B6-A68D-7590B98EB39B}"
EndProject
Project("{FAE04EC0-301F-11D3-BF4B-00C04F79EFBC}") = "TrackerStats.PluginEngine", "src\TrackerStats.PluginEngine\TrackerStats.PluginEngine.csproj", "{E223CB68-779E-4B1C-BC45-A7279770422F}"
EndProject
Project("{2150E333-8FDC-42A3-9474-1A3956D46DE8}") = "tests", "tests", "{0AB3BF05-4346-4AA6-1389-037BE0695223}"
EndProject
Project("{FAE04EC0-301F-11D3-BF4B-00C04F79EFBC}") = "TrackerStats.PluginEngine.Tests", "tests\TrackerStats.PluginEngine.Tests\TrackerStats.PluginEngine.Tests.csproj", "{54BC43AC-6CE6-4101-BDD0-FB746C272132}"
EndProject
Project("{FAE04EC0-301F-11D3-BF4B-00C04F79EFBC}") = "TrackerStats.PluginEngine.IntegrationTests", "tests\TrackerStats.PluginEngine.IntegrationTests\TrackerStats.PluginEngine.IntegrationTests.csproj", "{E622FD2F-923B-4045-9238-FDC6170B7361}"
EndProject
Project("{FAE04EC0-301F-11D3-BF4B-00C04F79EFBC}") = "TrackerStats.Backend.Tests", "tests\TrackerStats.Backend.Tests\TrackerStats.Backend.Tests.csproj", "{C409D6CD-7D14-46A8-809D-6C1772F9D0CA}"
EndProject
Project("{FAE04EC0-301F-11D3-BF4B-00C04F79EFBC}") = "TrackerStats.Api.EndToEndTests", "tests\TrackerStats.Api.EndToEndTests\TrackerStats.Api.EndToEndTests.csproj", "{593C778D-9757-45E7-91B9-257EC7993811}"
EndProject
Global
	GlobalSection(SolutionConfigurationPlatforms) = preSolution
		Debug|Any CPU = Debug|Any CPU
		Debug|x64 = Debug|x64
		Debug|x86 = Debug|x86
		Release|Any CPU = Release|Any CPU
		Release|x64 = Release|x64
		Release|x86 = Release|x86
	EndGlobalSection
	GlobalSection(ProjectConfigurationPlatforms) = postSolution
		{A1B2C3D4-E5F6-7890-ABCD-EF1234567890}.Debug|Any CPU.ActiveCfg = Debug|Any CPU
		{A1B2C3D4-E5F6-7890-ABCD-EF1234567890}.Debug|Any CPU.Build.0 = Debug|Any CPU
		{A1B2C3D4-E5F6-7890-ABCD-EF1234567890}.Debug|x64.ActiveCfg = Debug|Any CPU
		{A1B2C3D4-E5F6-7890-ABCD-EF1234567890}.Debug|x64.Build.0 = Debug|Any CPU
		{A1B2C3D4-E5F6-7890-ABCD-EF1234567890}.Debug|x86.ActiveCfg = Debug|Any CPU
		{A1B2C3D4-E5F6-7890-ABCD-EF1234567890}.Debug|x86.Build.0 = Debug|Any CPU
		{A1B2C3D4-E5F6-7890-ABCD-EF1234567890}.Release|Any CPU.ActiveCfg = Release|Any CPU
		{A1B2C3D4-E5F6-7890-ABCD-EF1234567890}.Release|Any CPU.Build.0 = Release|Any CPU
		{A1B2C3D4-E5F6-7890-ABCD-EF1234567890}.Release|x64.ActiveCfg = Release|Any CPU
		{A1B2C3D4-E5F6-7890-ABCD-EF1234567890}.Release|x64.Build.0 = Release|Any CPU
		{A1B2C3D4-E5F6-7890-ABCD-EF1234567890}.Release|x86.ActiveCfg = Release|Any CPU
		{A1B2C3D4-E5F6-7890-ABCD-EF1234567890}.Release|x86.Build.0 = Release|Any CPU
		{B1B2C3D4-E5F6-7890-ABCD-EF1234567891}.Debug|Any CPU.ActiveCfg = Debug|Any CPU
		{B1B2C3D4-E5F6-7890-ABCD-EF1234567891}.Debug|Any CPU.Build.0 = Debug|Any CPU
		{B1B2C3D4-E5F6-7890-ABCD-EF1234567891}.Debug|x64.ActiveCfg = Debug|Any CPU
		{B1B2C3D4-E5F6-7890-ABCD-EF1234567891}.Debug|x64.Build.0 = Debug|Any CPU
		{B1B2C3D4-E5F6-7890-ABCD-EF1234567891}.Debug|x86.ActiveCfg = Debug|Any CPU
		{B1B2C3D4-E5F6-7890-ABCD-EF1234567891}.Debug|x86.Build.0 = Debug|Any CPU
		{B1B2C3D4-E5F6-7890-ABCD-EF1234567891}.Release|Any CPU.ActiveCfg = Release|Any CPU
		{B1B2C3D4-E5F6-7890-ABCD-EF1234567891}.Release|Any CPU.Build.0 = Release|Any CPU
		{B1B2C3D4-E5F6-7890-ABCD-EF1234567891}.Release|x64.ActiveCfg = Release|Any CPU
		{B1B2C3D4-E5F6-7890-ABCD-EF1234567891}.Release|x64.Build.0 = Release|Any CPU
		{B1B2C3D4-E5F6-7890-ABCD-EF1234567891}.Release|x86.ActiveCfg = Release|Any CPU
		{B1B2C3D4-E5F6-7890-ABCD-EF1234567891}.Release|x86.Build.0 = Release|Any CPU
		{C1B2C3D4-E5F6-7890-ABCD-EF1234567892}.Debug|Any CPU.ActiveCfg = Debug|Any CPU
		{C1B2C3D4-E5F6-7890-ABCD-EF1234567892}.Debug|Any CPU.Build.0 = Debug|Any CPU
		{C1B2C3D4-E5F6-7890-ABCD-EF1234567892}.Debug|x64.ActiveCfg = Debug|Any CPU
		{C1B2C3D4-E5F6-7890-ABCD-EF1234567892}.Debug|x64.Build.0 = Debug|Any CPU
		{C1B2C3D4-E5F6-7890-ABCD-EF1234567892}.Debug|x86.ActiveCfg = Debug|Any CPU
		{C1B2C3D4-E5F6-7890-ABCD-EF1234567892}.Debug|x86.Build.0 = Debug|Any CPU
		{C1B2C3D4-E5F6-7890-ABCD-EF1234567892}.Release|Any CPU.ActiveCfg = Release|Any CPU
		{C1B2C3D4-E5F6-7890-ABCD-EF1234567892}.Release|Any CPU.Build.0 = Release|Any CPU
		{C1B2C3D4-E5F6-7890-ABCD-EF1234567892}.Release|x64.ActiveCfg = Release|Any CPU
		{C1B2C3D4-E5F6-7890-ABCD-EF1234567892}.Release|x64.Build.0 = Release|Any CPU
		{C1B2C3D4-E5F6-7890-ABCD-EF1234567892}.Release|x86.ActiveCfg = Release|Any CPU
		{C1B2C3D4-E5F6-7890-ABCD-EF1234567892}.Release|x86.Build.0 = Release|Any CPU
		{D1B2C3D4-E5F6-7890-ABCD-EF1234567893}.Debug|Any CPU.ActiveCfg = Debug|Any CPU
		{D1B2C3D4-E5F6-7890-ABCD-EF1234567893}.Debug|Any CPU.Build.0 = Debug|Any CPU
		{D1B2C3D4-E5F6-7890-ABCD-EF1234567893}.Debug|x64.ActiveCfg = Debug|Any CPU
		{D1B2C3D4-E5F6-7890-ABCD-EF1234567893}.Debug|x64.Build.0 = Debug|Any CPU
		{D1B2C3D4-E5F6-7890-ABCD-EF1234567893}.Debug|x86.ActiveCfg = Debug|Any CPU
		{D1B2C3D4-E5F6-7890-ABCD-EF1234567893}.Debug|x86.Build.0 = Debug|Any CPU
		{D1B2C3D4-E5F6-7890-ABCD-EF1234567893}.Release|Any CPU.ActiveCfg = Release|Any CPU
		{D1B2C3D4-E5F6-7890-ABCD-EF1234567893}.Release|Any CPU.Build.0 = Release|Any CPU
		{D1B2C3D4-E5F6-7890-ABCD-EF1234567893}.Release|x64.ActiveCfg = Release|Any CPU
		{D1B2C3D4-E5F6-7890-ABCD-EF1234567893}.Release|x64.Build.0 = Release|Any CPU
		{D1B2C3D4-E5F6-7890-ABCD-EF1234567893}.Release|x86.ActiveCfg = Release|Any CPU
		{D1B2C3D4-E5F6-7890-ABCD-EF1234567893}.Release|x86.Build.0 = Release|Any CPU
		{E223CB68-779E-4B1C-BC45-A7279770422F}.Debug|Any CPU.ActiveCfg = Debug|Any CPU
		{E223CB68-779E-4B1C-BC45-A7279770422F}.Debug|Any CPU.Build.0 = Debug|Any CPU
		{E223CB68-779E-4B1C-BC45-A7279770422F}.Debug|x64.ActiveCfg = Debug|Any CPU
		{E223CB68-779E-4B1C-BC45-A7279770422F}.Debug|x64.Build.0 = Debug|Any CPU
		{E223CB68-779E-4B1C-BC45-A7279770422F}.Debug|x86.ActiveCfg = Debug|Any CPU
		{E223CB68-779E-4B1C-BC45-A7279770422F}.Debug|x86.Build.0 = Debug|Any CPU
		{E223CB68-779E-4B1C-BC45-A7279770422F}.Release|Any CPU.ActiveCfg = Release|Any CPU
		{E223CB68-779E-4B1C-BC45-A7279770422F}.Release|Any CPU.Build.0 = Release|Any CPU
		{E223CB68-779E-4B1C-BC45-A7279770422F}.Release|x64.ActiveCfg = Release|Any CPU
		{E223CB68-779E-4B1C-BC45-A7279770422F}.Release|x64.Build.0 = Release|Any CPU
		{E223CB68-779E-4B1C-BC45-A7279770422F}.Release|x86.ActiveCfg = Release|Any CPU
		{E223CB68-779E-4B1C-BC45-A7279770422F}.Release|x86.Build.0 = Release|Any CPU
		{54BC43AC-6CE6-4101-BDD0-FB746C272132}.Debug|Any CPU.ActiveCfg = Debug|Any CPU
		{54BC43AC-6CE6-4101-BDD0-FB746C272132}.Debug|Any CPU.Build.0 = Debug|Any CPU
		{54BC43AC-6CE6-4101-BDD0-FB746C272132}.Debug|x64.ActiveCfg = Debug|Any CPU
		{54BC43AC-6CE6-4101-BDD0-FB746C272132}.Debug|x64.Build.0 = Debug|Any CPU
		{54BC43AC-6CE6-4101-BDD0-FB746C272132}.Debug|x86.ActiveCfg = Debug|Any CPU
		{54BC43AC-6CE6-4101-BDD0-FB746C272132}.Debug|x86.Build.0 = Debug|Any CPU
		{54BC43AC-6CE6-4101-BDD0-FB746C272132}.Release|Any CPU.ActiveCfg = Release|Any CPU
		{54BC43AC-6CE6-4101-BDD0-FB746C272132}.Release|Any CPU.Build.0 = Release|Any CPU
		{54BC43AC-6CE6-4101-BDD0-FB746C272132}.Release|x64.ActiveCfg = Release|Any CPU
		{54BC43AC-6CE6-4101-BDD0-FB746C272132}.Release|x64.Build.0 = Release|Any CPU
		{54BC43AC-6CE6-4101-BDD0-FB746C272132}.Release|x86.ActiveCfg = Release|Any CPU
		{54BC43AC-6CE6-4101-BDD0-FB746C272132}.Release|x86.Build.0 = Release|Any CPU
		{E622FD2F-923B-4045-9238-FDC6170B7361}.Debug|Any CPU.ActiveCfg = Debug|Any CPU
		{E622FD2F-923B-4045-9238-FDC6170B7361}.Debug|Any CPU.Build.0 = Debug|Any CPU
		{E622FD2F-923B-4045-9238-FDC6170B7361}.Debug|x64.ActiveCfg = Debug|Any CPU
		{E622FD2F-923B-4045-9238-FDC6170B7361}.Debug|x64.Build.0 = Debug|Any CPU
		{E622FD2F-923B-4045-9238-FDC6170B7361}.Debug|x86.ActiveCfg = Debug|Any CPU
		{E622FD2F-923B-4045-9238-FDC6170B7361}.Debug|x86.Build.0 = Debug|Any CPU
		{E622FD2F-923B-4045-9238-FDC6170B7361}.Release|Any CPU.ActiveCfg = Release|Any CPU
		{E622FD2F-923B-4045-9238-FDC6170B7361}.Release|Any CPU.Build.0 = Release|Any CPU
		{E622FD2F-923B-4045-9238-FDC6170B7361}.Release|x64.ActiveCfg = Release|Any CPU
		{E622FD2F-923B-4045-9238-FDC6170B7361}.Release|x64.Build.0 = Release|Any CPU
		{E622FD2F-923B-4045-9238-FDC6170B7361}.Release|x86.ActiveCfg = Release|Any CPU
		{E622FD2F-923B-4045-9238-FDC6170B7361}.Release|x86.Build.0 = Release|Any CPU
		{C409D6CD-7D14-46A8-809D-6C1772F9D0CA}.Debug|Any CPU.ActiveCfg = Debug|Any CPU
		{C409D6CD-7D14-46A8-809D-6C1772F9D0CA}.Debug|Any CPU.Build.0 = Debug|Any CPU
		{C409D6CD-7D14-46A8-809D-6C1772F9D0CA}.Debug|x64.ActiveCfg = Debug|Any CPU
		{C409D6CD-7D14-46A8-809D-6C1772F9D0CA}.Debug|x64.Build.0 = Debug|Any CPU
		{C409D6CD-7D14-46A8-809D-6C1772F9D0CA}.Debug|x86.ActiveCfg = Debug|Any CPU
		{C409D6CD-7D14-46A8-809D-6C1772F9D0CA}.Debug|x86.Build.0 = Debug|Any CPU
		{C409D6CD-7D14-46A8-809D-6C1772F9D0CA}.Release|Any CPU.ActiveCfg = Release|Any CPU
		{C409D6CD-7D14-46A8-809D-6C1772F9D0CA}.Release|Any CPU.Build.0 = Release|Any CPU
		{C409D6CD-7D14-46A8-809D-6C1772F9D0CA}.Release|x64.ActiveCfg = Release|Any CPU
		{C409D6CD-7D14-46A8-809D-6C1772F9D0CA}.Release|x64.Build.0 = Release|Any CPU
		{C409D6CD-7D14-46A8-809D-6C1772F9D0CA}.Release|x86.ActiveCfg = Release|Any CPU
		{C409D6CD-7D14-46A8-809D-6C1772F9D0CA}.Release|x86.Build.0 = Release|Any CPU
		{593C778D-9757-45E7-91B9-257EC7993811}.Debug|Any CPU.ActiveCfg = Debug|Any CPU
		{593C778D-9757-45E7-91B9-257EC7993811}.Debug|Any CPU.Build.0 = Debug|Any CPU
		{593C778D-9757-45E7-91B9-257EC7993811}.Debug|x64.ActiveCfg = Debug|Any CPU
		{593C778D-9757-45E7-91B9-257EC7993811}.Debug|x64.Build.0 = Debug|Any CPU
		{593C778D-9757-45E7-91B9-257EC7993811}.Debug|x86.ActiveCfg = Debug|Any CPU
		{593C778D-9757-45E7-91B9-257EC7993811}.Debug|x86.Build.0 = Debug|Any CPU
		{593C778D-9757-45E7-91B9-257EC7993811}.Release|Any CPU.ActiveCfg = Release|Any CPU
		{593C778D-9757-45E7-91B9-257EC7993811}.Release|Any CPU.Build.0 = Release|Any CPU
		{593C778D-9757-45E7-91B9-257EC7993811}.Release|x64.ActiveCfg = Release|Any CPU
		{593C778D-9757-45E7-91B9-257EC7993811}.Release|x64.Build.0 = Release|Any CPU
		{593C778D-9757-45E7-91B9-257EC7993811}.Release|x86.ActiveCfg = Release|Any CPU
		{593C778D-9757-45E7-91B9-257EC7993811}.Release|x86.Build.0 = Release|Any CPU
	EndGlobalSection
	GlobalSection(SolutionProperties) = preSolution
		HideSolutionNode = FALSE
	EndGlobalSection
	GlobalSection(NestedProjects) = preSolution
		{A1B2C3D4-E5F6-7890-ABCD-EF1234567890} = {827E0CD3-B72D-47B6-A68D-7590B98EB39B}
		{B1B2C3D4-E5F6-7890-ABCD-EF1234567891} = {827E0CD3-B72D-47B6-A68D-7590B98EB39B}
		{C1B2C3D4-E5F6-7890-ABCD-EF1234567892} = {827E0CD3-B72D-47B6-A68D-7590B98EB39B}
		{D1B2C3D4-E5F6-7890-ABCD-EF1234567893} = {827E0CD3-B72D-47B6-A68D-7590B98EB39B}
		{E223CB68-779E-4B1C-BC45-A7279770422F} = {827E0CD3-B72D-47B6-A68D-7590B98EB39B}
		{54BC43AC-6CE6-4101-BDD0-FB746C272132} = {0AB3BF05-4346-4AA6-1389-037BE0695223}
		{E622FD2F-923B-4045-9238-FDC6170B7361} = {0AB3BF05-4346-4AA6-1389-037BE0695223}
		{C409D6CD-7D14-46A8-809D-6C1772F9D0CA} = {0AB3BF05-4346-4AA6-1389-037BE0695223}
		{593C778D-9757-45E7-91B9-257EC7993811} = {0AB3BF05-4346-4AA6-1389-037BE0695223}
	EndGlobalSection
EndGlobal
